{
  "version": 4,
  "terraform_version": "1.11.4",
  "serial": 3,
  "lineage": "661a08a6-8445-7eea-04bd-4b821462e523",
  "outputs": {},
  "resources": [
    {
      "mode": "managed",
      "type": "local_file",
      "name": "install_script",
      "provider": "provider[\"registry.terraform.io/hashicorp/local\"]",
      "instances": [
        {
          "schema_version": 0,
          "attributes": {
            "content": "choco install dotnet-sdk --version 8.0.100 -y\r\nchoco install vscode -y\r\nmkdir C:\\\\MidtermProject\\\\logs\r\nmkdir C:\\\\MidtermProject\\\\deploy\r\n",
            "content_base64": null,
            "content_base64sha256": "duBL8FzyoFvcac783x3Tc5kq6CFkEiqXVe12PsJxLEI=",
            "content_base64sha512": "rdroUI/wz7T/QQJYorzrWNdmjRvOduzfYUqXpzpU8E5hdZy9Zat/r/RmzKJ6kvTNvRAuxewG9EV6F3AMj4EztA==",
            "content_md5": "1a0b4344061d12c3f3ae740ee7b08607",
            "content_sha1": "8f2966128e4a4b4be195cb64b37378a1826ec8ee",
            "content_sha256": "76e04bf05cf2a05bdc69cefcdf1dd373992ae82164122a9755ed763ec2712c42",
            "content_sha512": "addae8508ff0cfb4ff410258a2bceb58d7668d1bce76ecdf614a97a73a54f04e61759cbd65ab7faff466cca27a92f4cdbd102ec5ec06f4457a17700c8f8133b4",
            "directory_permission": "0777",
            "file_permission": "0777",
            "filename": "install.ps1",
            "id": "8f2966128e4a4b4be195cb64b37378a1826ec8ee",
            "sensitive_content": null,
            "source": null
          },
          "sensitive_attributes": [
            [
              {
                "type": "get_attr",
                "value": "sensitive_content"
              }
            ]
          ]
        }
      ]
    },
    {
      "mode": "managed",
      "type": "null_resource",
      "name": "run_installer",
      "provider": "provider[\"registry.terraform.io/hashicorp/null\"]",
      "instances": [
        {
          "schema_version": 0,
          "attributes": {
            "id": "1139112877",
            "triggers": null
          },
          "sensitive_attributes": [],
          "dependencies": [
            "local_file.install_script"
          ]
        }
      ]
    }
  ],
  "check_results": null
}
